// !$*UTF8*$!
{
	archiveVersion = 1;
	classes = {
	};
	objectVersion = 56;
	objects = {

/* Begin PBXBuildFile section */
		1706D05A29E81335002DC0F2 /* ProfilViewController.swift in Sources */ = {isa = PBXBuildFile; fileRef = 1706D05829E81335002DC0F2 /* ProfilViewController.swift */; };
		1706D05B29E81335002DC0F2 /* ProfilViewController.xib in Resources */ = {isa = PBXBuildFile; fileRef = 1706D05929E81335002DC0F2 /* ProfilViewController.xib */; };
		1706D05E29E81672002DC0F2 /* AracGostergePaneliVeri.swift in Sources */ = {isa = PBXBuildFile; fileRef = 1706D05D29E81672002DC0F2 /* AracGostergePaneliVeri.swift */; };
		1718737229AE331100D6CABC /* AnaSayfaStroyBoard.storyboard in Resources */ = {isa = PBXBuildFile; fileRef = 1718737129AE331100D6CABC /* AnaSayfaStroyBoard.storyboard */; };
		1720DA8929F6AC8F00FEB2B9 /* PopUp.swift in Sources */ = {isa = PBXBuildFile; fileRef = 1720DA8829F6AC8F00FEB2B9 /* PopUp.swift */; };
		1729252A29F6B4CA0051CA95 /* PopUp.xib in Resources */ = {isa = PBXBuildFile; fileRef = 1729252929F6B4CA0051CA95 /* PopUp.xib */; };
		1729252C29F6CD160051CA95 /* TrafikIsaretleriVeri.swift in Sources */ = {isa = PBXBuildFile; fileRef = 1729252B29F6CD160051CA95 /* TrafikIsaretleriVeri.swift */; };
		1754BAF129E2CE0600766776 /* GoogleService-Info.plist in Resources */ = {isa = PBXBuildFile; fileRef = 1754BAF029E2CE0600766776 /* GoogleService-Info.plist */; };
		1771036529EEE3F700DE6E02 /* PolisIsaretleriCollectionViewCell.swift in Sources */ = {isa = PBXBuildFile; fileRef = 1771036329EEE3F700DE6E02 /* PolisIsaretleriCollectionViewCell.swift */; };
		1771036629EEE3F700DE6E02 /* PolisIsaretleriCollectionViewCell.xib in Resources */ = {isa = PBXBuildFile; fileRef = 1771036429EEE3F700DE6E02 /* PolisIsaretleriCollectionViewCell.xib */; };
		177C2C5B29F922CE0035E47D /* BolumlerVeri.swift in Sources */ = {isa = PBXBuildFile; fileRef = 177C2C5A29F922CE0035E47D /* BolumlerVeri.swift */; };
		177C2C5E29F9241A0035E47D /* IlkYardimViewController.swift in Sources */ = {isa = PBXBuildFile; fileRef = 177C2C5C29F9241A0035E47D /* IlkYardimViewController.swift */; };
		177C2C5F29F9241A0035E47D /* IlkYardimViewController.xib in Resources */ = {isa = PBXBuildFile; fileRef = 177C2C5D29F9241A0035E47D /* IlkYardimViewController.xib */; };
		177C2C6329F951380035E47D /* IcerikTableViewVC.swift in Sources */ = {isa = PBXBuildFile; fileRef = 177C2C6129F951380035E47D /* IcerikTableViewVC.swift */; };
		177C2C6429F951390035E47D /* IcerikTableViewVC.xib in Resources */ = {isa = PBXBuildFile; fileRef = 177C2C6229F951380035E47D /* IcerikTableViewVC.xib */; };
		177C2C6729F9517E0035E47D /* IcerikTableViewCell.swift in Sources */ = {isa = PBXBuildFile; fileRef = 177C2C6529F9517E0035E47D /* IcerikTableViewCell.swift */; };
		177C2C6829F9517E0035E47D /* IcerikTableViewCell.xib in Resources */ = {isa = PBXBuildFile; fileRef = 177C2C6629F9517E0035E47D /* IcerikTableViewCell.xib */; };
		17948FDD29E2FF56009EDA46 /* FirebaseAnalytics in Frameworks */ = {isa = PBXBuildFile; productRef = 17948FDC29E2FF56009EDA46 /* FirebaseAnalytics */; };
		17948FDF29E2FF56009EDA46 /* FirebaseAuth in Frameworks */ = {isa = PBXBuildFile; productRef = 17948FDE29E2FF56009EDA46 /* FirebaseAuth */; };
		17948FE129E2FF56009EDA46 /* FirebaseCrashlytics in Frameworks */ = {isa = PBXBuildFile; productRef = 17948FE029E2FF56009EDA46 /* FirebaseCrashlytics */; };
		17948FE329E2FF56009EDA46 /* FirebaseDatabase in Frameworks */ = {isa = PBXBuildFile; productRef = 17948FE229E2FF56009EDA46 /* FirebaseDatabase */; };
		17948FE529E2FF56009EDA46 /* FirebaseFirestore in Frameworks */ = {isa = PBXBuildFile; productRef = 17948FE429E2FF56009EDA46 /* FirebaseFirestore */; };
		17948FE729E2FF56009EDA46 /* FirebaseStorage in Frameworks */ = {isa = PBXBuildFile; productRef = 17948FE629E2FF56009EDA46 /* FirebaseStorage */; };
		1796BE6C29EEB594009E45D7 /* AGPIViewController.swift in Sources */ = {isa = PBXBuildFile; fileRef = 1796BE6A29EEB594009E45D7 /* AGPIViewController.swift */; };
		1796BE6D29EEB594009E45D7 /* AGPIViewController.xib in Resources */ = {isa = PBXBuildFile; fileRef = 1796BE6B29EEB594009E45D7 /* AGPIViewController.xib */; };
		1796BE7029EEB6C4009E45D7 /* AGPICollectionViewCell.swift in Sources */ = {isa = PBXBuildFile; fileRef = 1796BE6E29EEB6C4009E45D7 /* AGPICollectionViewCell.swift */; };
		1796BE7129EEB6C4009E45D7 /* AGPICollectionViewCell.xib in Resources */ = {isa = PBXBuildFile; fileRef = 1796BE6F29EEB6C4009E45D7 /* AGPICollectionViewCell.xib */; };
		17984C2629E2EEA40030B5B3 /* PolisIsaretleriViewController.swift in Sources */ = {isa = PBXBuildFile; fileRef = 17984C2429E2EEA40030B5B3 /* PolisIsaretleriViewController.swift */; };
		17984C2729E2EEA40030B5B3 /* PolisIsaretleriViewController.xib in Resources */ = {isa = PBXBuildFile; fileRef = 17984C2529E2EEA40030B5B3 /* PolisIsaretleriViewController.xib */; };
		17CBD90C29AE1EE9006F2FBF /* TestViewController.swift in Sources */ = {isa = PBXBuildFile; fileRef = 17CBD90B29AE1EE9006F2FBF /* TestViewController.swift */; };
		17CE466529E06058002369E8 /* MyViewController.swift in Sources */ = {isa = PBXBuildFile; fileRef = 17CE466429E06058002369E8 /* MyViewController.swift */; };
		17DC334229ACDB6C00DD16EC /* AppDelegate.swift in Sources */ = {isa = PBXBuildFile; fileRef = 17DC334129ACDB6C00DD16EC /* AppDelegate.swift */; };
		17DC334429ACDB6C00DD16EC /* SceneDelegate.swift in Sources */ = {isa = PBXBuildFile; fileRef = 17DC334329ACDB6C00DD16EC /* SceneDelegate.swift */; };
		17DC334B29ACDB6D00DD16EC /* Assets.xcassets in Resources */ = {isa = PBXBuildFile; fileRef = 17DC334A29ACDB6D00DD16EC /* Assets.xcassets */; };
		17DC334E29ACDB6D00DD16EC /* LaunchScreen.storyboard in Resources */ = {isa = PBXBuildFile; fileRef = 17DC334C29ACDB6D00DD16EC /* LaunchScreen.storyboard */; };
		17DC335729ACDCA200DD16EC /* MainTabBarViewController.swift in Sources */ = {isa = PBXBuildFile; fileRef = 17DC335629ACDCA200DD16EC /* MainTabBarViewController.swift */; };
		17DC636929E4C72200877988 /* DersNotlariViewController.swift in Sources */ = {isa = PBXBuildFile; fileRef = 17DC636729E4C72200877988 /* DersNotlariViewController.swift */; };
		17DC636A29E4C72200877988 /* DersNotlariViewController.xib in Resources */ = {isa = PBXBuildFile; fileRef = 17DC636829E4C72200877988 /* DersNotlariViewController.xib */; };
		17DC636E29E4DC0200877988 /* AnaSayfaViewController.swift in Sources */ = {isa = PBXBuildFile; fileRef = 17DC636C29E4DC0200877988 /* AnaSayfaViewController.swift */; };
		17DC636F29E4DC0200877988 /* AnaSayfaViewController.xib in Resources */ = {isa = PBXBuildFile; fileRef = 17DC636D29E4DC0200877988 /* AnaSayfaViewController.xib */; };
		17E4A6CA29E8730800EE0991 /* PolisIsaretleriVeri.swift in Sources */ = {isa = PBXBuildFile; fileRef = 17E4A6C929E8730800EE0991 /* PolisIsaretleriVeri.swift */; };
		17FF32FE29FA594F0050D855 /* IcerikDetayViewController.swift in Sources */ = {isa = PBXBuildFile; fileRef = 17FF32FC29FA594F0050D855 /* IcerikDetayViewController.swift */; };
		17FF32FF29FA594F0050D855 /* IcerikDetayViewController.xib in Resources */ = {isa = PBXBuildFile; fileRef = 17FF32FD29FA594F0050D855 /* IcerikDetayViewController.xib */; };
		7AD1DD5929F96FE300EBBD19 /* BolumIcerikleriVeri.swift in Sources */ = {isa = PBXBuildFile; fileRef = 7AD1DD5829F96FE300EBBD19 /* BolumIcerikleriVeri.swift */; };
		7AFA2D6929F8066D00214550 /* TarafikIsaretleriViewController.swift in Sources */ = {isa = PBXBuildFile; fileRef = 7AFA2D6729F8066D00214550 /* TarafikIsaretleriViewController.swift */; };
		7AFA2D6A29F8066D00214550 /* TarafikIsaretleriViewController.xib in Resources */ = {isa = PBXBuildFile; fileRef = 7AFA2D6829F8066D00214550 /* TarafikIsaretleriViewController.xib */; };
		7AFA2D6E29F8091900214550 /* TrafikIsaretleriCollectionViewCell.swift in Sources */ = {isa = PBXBuildFile; fileRef = 7AFA2D6C29F8091900214550 /* TrafikIsaretleriCollectionViewCell.swift */; };
		7AFA2D6F29F8091900214550 /* TrafikIsaretleriCollectionViewCell.xib in Resources */ = {isa = PBXBuildFile; fileRef = 7AFA2D6D29F8091900214550 /* TrafikIsaretleriCollectionViewCell.xib */; };
/* End PBXBuildFile section */

/* Begin PBXFileReference section */
		1706D05829E81335002DC0F2 /* ProfilViewController.swift */ = {isa = PBXFileReference; lastKnownFileType = sourcecode.swift; path = ProfilViewController.swift; sourceTree = "<group>"; };
		1706D05929E81335002DC0F2 /* ProfilViewController.xib */ = {isa = PBXFileReference; lastKnownFileType = file.xib; path = ProfilViewController.xib; sourceTree = "<group>"; };
		1706D05D29E81672002DC0F2 /* AracGostergePaneliVeri.swift */ = {isa = PBXFileReference; lastKnownFileType = sourcecode.swift; path = AracGostergePaneliVeri.swift; sourceTree = "<group>"; };
		1718737129AE331100D6CABC /* AnaSayfaStroyBoard.storyboard */ = {isa = PBXFileReference; lastKnownFileType = file.storyboard; path = AnaSayfaStroyBoard.storyboard; sourceTree = "<group>"; };
		1720DA8829F6AC8F00FEB2B9 /* PopUp.swift */ = {isa = PBXFileReference; lastKnownFileType = sourcecode.swift; path = PopUp.swift; sourceTree = "<group>"; };
		1729252929F6B4CA0051CA95 /* PopUp.xib */ = {isa = PBXFileReference; lastKnownFileType = file.xib; path = PopUp.xib; sourceTree = "<group>"; };
		1729252B29F6CD160051CA95 /* TrafikIsaretleriVeri.swift */ = {isa = PBXFileReference; lastKnownFileType = sourcecode.swift; path = TrafikIsaretleriVeri.swift; sourceTree = "<group>"; };
		1754BAF029E2CE0600766776 /* GoogleService-Info.plist */ = {isa = PBXFileReference; fileEncoding = 4; lastKnownFileType = text.plist.xml; path = "GoogleService-Info.plist"; sourceTree = "<group>"; };
		1771036329EEE3F700DE6E02 /* PolisIsaretleriCollectionViewCell.swift */ = {isa = PBXFileReference; lastKnownFileType = sourcecode.swift; path = PolisIsaretleriCollectionViewCell.swift; sourceTree = "<group>"; };
		1771036429EEE3F700DE6E02 /* PolisIsaretleriCollectionViewCell.xib */ = {isa = PBXFileReference; lastKnownFileType = file.xib; path = PolisIsaretleriCollectionViewCell.xib; sourceTree = "<group>"; };
		177C2C5A29F922CE0035E47D /* BolumlerVeri.swift */ = {isa = PBXFileReference; lastKnownFileType = sourcecode.swift; path = BolumlerVeri.swift; sourceTree = "<group>"; };
		177C2C5C29F9241A0035E47D /* IlkYardimViewController.swift */ = {isa = PBXFileReference; lastKnownFileType = sourcecode.swift; path = IlkYardimViewController.swift; sourceTree = "<group>"; };
		177C2C5D29F9241A0035E47D /* IlkYardimViewController.xib */ = {isa = PBXFileReference; lastKnownFileType = file.xib; path = IlkYardimViewController.xib; sourceTree = "<group>"; };
		177C2C6129F951380035E47D /* IcerikTableViewVC.swift */ = {isa = PBXFileReference; lastKnownFileType = sourcecode.swift; path = IcerikTableViewVC.swift; sourceTree = "<group>"; };
		177C2C6229F951380035E47D /* IcerikTableViewVC.xib */ = {isa = PBXFileReference; lastKnownFileType = file.xib; path = IcerikTableViewVC.xib; sourceTree = "<group>"; };
		177C2C6529F9517E0035E47D /* IcerikTableViewCell.swift */ = {isa = PBXFileReference; lastKnownFileType = sourcecode.swift; path = IcerikTableViewCell.swift; sourceTree = "<group>"; };
		177C2C6629F9517E0035E47D /* IcerikTableViewCell.xib */ = {isa = PBXFileReference; lastKnownFileType = file.xib; path = IcerikTableViewCell.xib; sourceTree = "<group>"; };
		1796BE6A29EEB594009E45D7 /* AGPIViewController.swift */ = {isa = PBXFileReference; lastKnownFileType = sourcecode.swift; path = AGPIViewController.swift; sourceTree = "<group>"; };
		1796BE6B29EEB594009E45D7 /* AGPIViewController.xib */ = {isa = PBXFileReference; lastKnownFileType = file.xib; path = AGPIViewController.xib; sourceTree = "<group>"; };
		1796BE6E29EEB6C4009E45D7 /* AGPICollectionViewCell.swift */ = {isa = PBXFileReference; lastKnownFileType = sourcecode.swift; path = AGPICollectionViewCell.swift; sourceTree = "<group>"; };
		1796BE6F29EEB6C4009E45D7 /* AGPICollectionViewCell.xib */ = {isa = PBXFileReference; lastKnownFileType = file.xib; path = AGPICollectionViewCell.xib; sourceTree = "<group>"; };
		17984C2429E2EEA40030B5B3 /* PolisIsaretleriViewController.swift */ = {isa = PBXFileReference; lastKnownFileType = sourcecode.swift; path = PolisIsaretleriViewController.swift; sourceTree = "<group>"; };
		17984C2529E2EEA40030B5B3 /* PolisIsaretleriViewController.xib */ = {isa = PBXFileReference; lastKnownFileType = file.xib; path = PolisIsaretleriViewController.xib; sourceTree = "<group>"; };
		17CBD90B29AE1EE9006F2FBF /* TestViewController.swift */ = {isa = PBXFileReference; lastKnownFileType = sourcecode.swift; path = TestViewController.swift; sourceTree = "<group>"; };
		17CE466429E06058002369E8 /* MyViewController.swift */ = {isa = PBXFileReference; lastKnownFileType = sourcecode.swift; path = MyViewController.swift; sourceTree = "<group>"; };
		17DC333E29ACDB6C00DD16EC /* SurucuEhliyeti.app */ = {isa = PBXFileReference; explicitFileType = wrapper.application; includeInIndex = 0; path = SurucuEhliyeti.app; sourceTree = BUILT_PRODUCTS_DIR; };
		17DC334129ACDB6C00DD16EC /* AppDelegate.swift */ = {isa = PBXFileReference; lastKnownFileType = sourcecode.swift; path = AppDelegate.swift; sourceTree = "<group>"; };
		17DC334329ACDB6C00DD16EC /* SceneDelegate.swift */ = {isa = PBXFileReference; lastKnownFileType = sourcecode.swift; path = SceneDelegate.swift; sourceTree = "<group>"; };
		17DC334A29ACDB6D00DD16EC /* Assets.xcassets */ = {isa = PBXFileReference; lastKnownFileType = folder.assetcatalog; path = Assets.xcassets; sourceTree = "<group>"; };
		17DC334D29ACDB6D00DD16EC /* Base */ = {isa = PBXFileReference; lastKnownFileType = file.storyboard; name = Base; path = Base.lproj/LaunchScreen.storyboard; sourceTree = "<group>"; };
		17DC334F29ACDB6D00DD16EC /* Info.plist */ = {isa = PBXFileReference; lastKnownFileType = text.plist.xml; path = Info.plist; sourceTree = "<group>"; };
		17DC335629ACDCA200DD16EC /* MainTabBarViewController.swift */ = {isa = PBXFileReference; lastKnownFileType = sourcecode.swift; path = MainTabBarViewController.swift; sourceTree = "<group>"; };
		17DC636729E4C72200877988 /* DersNotlariViewController.swift */ = {isa = PBXFileReference; lastKnownFileType = sourcecode.swift; path = DersNotlariViewController.swift; sourceTree = "<group>"; };
		17DC636829E4C72200877988 /* DersNotlariViewController.xib */ = {isa = PBXFileReference; lastKnownFileType = file.xib; path = DersNotlariViewController.xib; sourceTree = "<group>"; };
		17DC636C29E4DC0200877988 /* AnaSayfaViewController.swift */ = {isa = PBXFileReference; lastKnownFileType = sourcecode.swift; path = AnaSayfaViewController.swift; sourceTree = "<group>"; };
		17DC636D29E4DC0200877988 /* AnaSayfaViewController.xib */ = {isa = PBXFileReference; lastKnownFileType = file.xib; path = AnaSayfaViewController.xib; sourceTree = "<group>"; };
		17E4A6C929E8730800EE0991 /* PolisIsaretleriVeri.swift */ = {isa = PBXFileReference; lastKnownFileType = sourcecode.swift; path = PolisIsaretleriVeri.swift; sourceTree = "<group>"; };
		17FF32FC29FA594F0050D855 /* IcerikDetayViewController.swift */ = {isa = PBXFileReference; lastKnownFileType = sourcecode.swift; path = IcerikDetayViewController.swift; sourceTree = "<group>"; };
		17FF32FD29FA594F0050D855 /* IcerikDetayViewController.xib */ = {isa = PBXFileReference; lastKnownFileType = file.xib; path = IcerikDetayViewController.xib; sourceTree = "<group>"; };
		7AD1DD5829F96FE300EBBD19 /* BolumIcerikleriVeri.swift */ = {isa = PBXFileReference; lastKnownFileType = sourcecode.swift; path = BolumIcerikleriVeri.swift; sourceTree = "<group>"; };
		7AFA2D6729F8066D00214550 /* TarafikIsaretleriViewController.swift */ = {isa = PBXFileReference; lastKnownFileType = sourcecode.swift; path = TarafikIsaretleriViewController.swift; sourceTree = "<group>"; };
		7AFA2D6829F8066D00214550 /* TarafikIsaretleriViewController.xib */ = {isa = PBXFileReference; lastKnownFileType = file.xib; path = TarafikIsaretleriViewController.xib; sourceTree = "<group>"; };
		7AFA2D6C29F8091900214550 /* TrafikIsaretleriCollectionViewCell.swift */ = {isa = PBXFileReference; lastKnownFileType = sourcecode.swift; path = TrafikIsaretleriCollectionViewCell.swift; sourceTree = "<group>"; };
		7AFA2D6D29F8091900214550 /* TrafikIsaretleriCollectionViewCell.xib */ = {isa = PBXFileReference; lastKnownFileType = file.xib; path = TrafikIsaretleriCollectionViewCell.xib; sourceTree = "<group>"; };
/* End PBXFileReference section */

/* Begin PBXFrameworksBuildPhase section */
		17DC333B29ACDB6C00DD16EC /* Frameworks */ = {
			isa = PBXFrameworksBuildPhase;
			buildActionMask = 2147483647;
			files = (
				17948FE129E2FF56009EDA46 /* FirebaseCrashlytics in Frameworks */,
				17948FDD29E2FF56009EDA46 /* FirebaseAnalytics in Frameworks */,
				17948FE329E2FF56009EDA46 /* FirebaseDatabase in Frameworks */,
				17948FE529E2FF56009EDA46 /* FirebaseFirestore in Frameworks */,
				17948FDF29E2FF56009EDA46 /* FirebaseAuth in Frameworks */,
				17948FE729E2FF56009EDA46 /* FirebaseStorage in Frameworks */,
			);
			runOnlyForDeploymentPostprocessing = 0;
		};
/* End PBXFrameworksBuildPhase section */

/* Begin PBXGroup section */
		1706D05729E81319002DC0F2 /* Profil */ = {
			isa = PBXGroup;
			children = (
				1706D05829E81335002DC0F2 /* ProfilViewController.swift */,
				1706D05929E81335002DC0F2 /* ProfilViewController.xib */,
			);
			path = Profil;
			sourceTree = "<group>";
		};
		1706D05C29E8165B002DC0F2 /* Veriler */ = {
			isa = PBXGroup;
			children = (
				1706D05D29E81672002DC0F2 /* AracGostergePaneliVeri.swift */,
				17E4A6C929E8730800EE0991 /* PolisIsaretleriVeri.swift */,
				1729252B29F6CD160051CA95 /* TrafikIsaretleriVeri.swift */,
				177C2C5A29F922CE0035E47D /* BolumlerVeri.swift */,
				7AD1DD5829F96FE300EBBD19 /* BolumIcerikleriVeri.swift */,
			);
			path = Veriler;
			sourceTree = "<group>";
		};
		1706D05F29E816A6002DC0F2 /* AGPI */ = {
			isa = PBXGroup;
			children = (
				1796BE6A29EEB594009E45D7 /* AGPIViewController.swift */,
				1796BE6B29EEB594009E45D7 /* AGPIViewController.xib */,
			);
			path = AGPI;
			sourceTree = "<group>";
		};
		1706D06429E820DC002DC0F2 /* Cells */ = {
			isa = PBXGroup;
			children = (
				177C2C6929F95BC60035E47D /* IcerikTableViewCell */,
				7AFA2D6B29F808DE00214550 /* TrafikIsaretleriCell */,
				1771036229EEE3E400DE6E02 /* PolisIsaretleriCell */,
				17957A3A29E8488A0064FA01 /* AGPICell */,
			);
			path = Cells;
			sourceTree = "<group>";
		};
		1754BAED29E2C7CF00766776 /* DersNotlari */ = {
			isa = PBXGroup;
			children = (
				1771036129EEE13700DE6E02 /* SSS */,
				1771036029EEE12E00DE6E02 /* SinavHakkinda */,
				1771035F29EEE12700DE6E02 /* AracTeknigi */,
				1771035E29EEE12100DE6E02 /* TrafikAdabi */,
				1771035D29EEE11800DE6E02 /* TKVCB */,
				1771035C29EEE11100DE6E02 /* Levhalar */,
				1771035B29EEE10500DE6E02 /* IlkYardim */,
				1706D05F29E816A6002DC0F2 /* AGPI */,
				7AFA2D6629F8063E00214550 /* TrafikIsaretleri */,
				17D266E429E2FBC50076A4FB /* PolisIsaretleri */,
			);
			path = DersNotlari;
			sourceTree = "<group>";
		};
		1771035B29EEE10500DE6E02 /* IlkYardim */ = {
			isa = PBXGroup;
			children = (
				177C2C5C29F9241A0035E47D /* IlkYardimViewController.swift */,
				177C2C5D29F9241A0035E47D /* IlkYardimViewController.xib */,
			);
			path = IlkYardim;
			sourceTree = "<group>";
		};
		1771035C29EEE11100DE6E02 /* Levhalar */ = {
			isa = PBXGroup;
			children = (
			);
			path = Levhalar;
			sourceTree = "<group>";
		};
		1771035D29EEE11800DE6E02 /* TKVCB */ = {
			isa = PBXGroup;
			children = (
			);
			path = TKVCB;
			sourceTree = "<group>";
		};
		1771035E29EEE12100DE6E02 /* TrafikAdabi */ = {
			isa = PBXGroup;
			children = (
			);
			path = TrafikAdabi;
			sourceTree = "<group>";
		};
		1771035F29EEE12700DE6E02 /* AracTeknigi */ = {
			isa = PBXGroup;
			children = (
			);
			path = AracTeknigi;
			sourceTree = "<group>";
		};
		1771036029EEE12E00DE6E02 /* SinavHakkinda */ = {
			isa = PBXGroup;
			children = (
			);
			path = SinavHakkinda;
			sourceTree = "<group>";
		};
		1771036129EEE13700DE6E02 /* SSS */ = {
			isa = PBXGroup;
			children = (
			);
			path = SSS;
			sourceTree = "<group>";
		};
		1771036229EEE3E400DE6E02 /* PolisIsaretleriCell */ = {
			isa = PBXGroup;
			children = (
				1771036329EEE3F700DE6E02 /* PolisIsaretleriCollectionViewCell.swift */,
				1771036429EEE3F700DE6E02 /* PolisIsaretleriCollectionViewCell.xib */,
			);
			path = PolisIsaretleriCell;
			sourceTree = "<group>";
		};
		177C2C6029F950F10035E47D /* IcerikTableView */ = {
			isa = PBXGroup;
			children = (
				177C2C6129F951380035E47D /* IcerikTableViewVC.swift */,
				177C2C6229F951380035E47D /* IcerikTableViewVC.xib */,
			);
			path = IcerikTableView;
			sourceTree = "<group>";
		};
		177C2C6929F95BC60035E47D /* IcerikTableViewCell */ = {
			isa = PBXGroup;
			children = (
				177C2C6529F9517E0035E47D /* IcerikTableViewCell.swift */,
				177C2C6629F9517E0035E47D /* IcerikTableViewCell.xib */,
			);
			path = IcerikTableViewCell;
			sourceTree = "<group>";
		};
		177F79BB29F0054E00C3C92F /* PopUp */ = {
			isa = PBXGroup;
			children = (
				1720DA8829F6AC8F00FEB2B9 /* PopUp.swift */,
				1729252929F6B4CA0051CA95 /* PopUp.xib */,
			);
			path = PopUp;
			sourceTree = "<group>";
		};
		17957A3A29E8488A0064FA01 /* AGPICell */ = {
			isa = PBXGroup;
			children = (
				1796BE6E29EEB6C4009E45D7 /* AGPICollectionViewCell.swift */,
				1796BE6F29EEB6C4009E45D7 /* AGPICollectionViewCell.xib */,
			);
			path = AGPICell;
			sourceTree = "<group>";
		};
		17D266E429E2FBC50076A4FB /* PolisIsaretleri */ = {
			isa = PBXGroup;
			children = (
				17984C2429E2EEA40030B5B3 /* PolisIsaretleriViewController.swift */,
				17984C2529E2EEA40030B5B3 /* PolisIsaretleriViewController.xib */,
			);
			path = PolisIsaretleri;
			sourceTree = "<group>";
		};
		17DC333529ACDB6C00DD16EC = {
			isa = PBXGroup;
			children = (
				17DC334029ACDB6C00DD16EC /* SurucuEhliyeti */,
				17DC333F29ACDB6C00DD16EC /* Products */,
			);
			sourceTree = "<group>";
		};
		17DC333F29ACDB6C00DD16EC /* Products */ = {
			isa = PBXGroup;
			children = (
				17DC333E29ACDB6C00DD16EC /* SurucuEhliyeti.app */,
			);
			name = Products;
			sourceTree = "<group>";
		};
		17DC334029ACDB6C00DD16EC /* SurucuEhliyeti */ = {
			isa = PBXGroup;
			children = (
				1706D05C29E8165B002DC0F2 /* Veriler */,
				17DC336129ACE3B800DD16EC /* View */,
				17DC335829ACDD3E00DD16EC /* Controllers */,
				17DC335529ACDC2800DD16EC /* Resources */,
				17DC334C29ACDB6D00DD16EC /* LaunchScreen.storyboard */,
				1754BAF029E2CE0600766776 /* GoogleService-Info.plist */,
				17DC334A29ACDB6D00DD16EC /* Assets.xcassets */,
				17DC334F29ACDB6D00DD16EC /* Info.plist */,
				1718737129AE331100D6CABC /* AnaSayfaStroyBoard.storyboard */,
			);
			path = SurucuEhliyeti;
			sourceTree = "<group>";
		};
		17DC335529ACDC2800DD16EC /* Resources */ = {
			isa = PBXGroup;
			children = (
				17FF32FB29FA59330050D855 /* IcerikDetay */,
				177C2C6029F950F10035E47D /* IcerikTableView */,
				177F79BB29F0054E00C3C92F /* PopUp */,
				17DC334329ACDB6C00DD16EC /* SceneDelegate.swift */,
				17DC334129ACDB6C00DD16EC /* AppDelegate.swift */,
			);
			path = Resources;
			sourceTree = "<group>";
		};
		17DC335829ACDD3E00DD16EC /* Controllers */ = {
			isa = PBXGroup;
			children = (
				17DC335A29ACDD4B00DD16EC /* General */,
				17DC335929ACDD4600DD16EC /* Core */,
			);
			path = Controllers;
			sourceTree = "<group>";
		};
		17DC335929ACDD4600DD16EC /* Core */ = {
			isa = PBXGroup;
			children = (
				1706D05729E81319002DC0F2 /* Profil */,
				17DC636B29E4DBD400877988 /* AnaSayfa */,
				17DC636629E4C71200877988 /* DersNotlari */,
				17DC335629ACDCA200DD16EC /* MainTabBarViewController.swift */,
			);
			path = Core;
			sourceTree = "<group>";
		};
		17DC335A29ACDD4B00DD16EC /* General */ = {
			isa = PBXGroup;
			children = (
				17CBD90B29AE1EE9006F2FBF /* TestViewController.swift */,
				17CE466429E06058002369E8 /* MyViewController.swift */,
			);
			path = General;
			sourceTree = "<group>";
		};
		17DC336129ACE3B800DD16EC /* View */ = {
			isa = PBXGroup;
			children = (
				1706D06429E820DC002DC0F2 /* Cells */,
				1754BAED29E2C7CF00766776 /* DersNotlari */,
			);
			path = View;
			sourceTree = "<group>";
		};
		17DC636629E4C71200877988 /* DersNotlari */ = {
			isa = PBXGroup;
			children = (
				17DC636729E4C72200877988 /* DersNotlariViewController.swift */,
				17DC636829E4C72200877988 /* DersNotlariViewController.xib */,
			);
			path = DersNotlari;
			sourceTree = "<group>";
		};
		17DC636B29E4DBD400877988 /* AnaSayfa */ = {
			isa = PBXGroup;
			children = (
				17DC636C29E4DC0200877988 /* AnaSayfaViewController.swift */,
				17DC636D29E4DC0200877988 /* AnaSayfaViewController.xib */,
			);
			path = AnaSayfa;
			sourceTree = "<group>";
		};
		17FF32FB29FA59330050D855 /* IcerikDetay */ = {
			isa = PBXGroup;
			children = (
				17FF32FC29FA594F0050D855 /* IcerikDetayViewController.swift */,
				17FF32FD29FA594F0050D855 /* IcerikDetayViewController.xib */,
			);
			path = IcerikDetay;
			sourceTree = "<group>";
		};
		7AFA2D6629F8063E00214550 /* TrafikIsaretleri */ = {
			isa = PBXGroup;
			children = (
				7AFA2D6729F8066D00214550 /* TarafikIsaretleriViewController.swift */,
				7AFA2D6829F8066D00214550 /* TarafikIsaretleriViewController.xib */,
			);
			path = TrafikIsaretleri;
			sourceTree = "<group>";
		};
		7AFA2D6B29F808DE00214550 /* TrafikIsaretleriCell */ = {
			isa = PBXGroup;
			children = (
				7AFA2D6C29F8091900214550 /* TrafikIsaretleriCollectionViewCell.swift */,
				7AFA2D6D29F8091900214550 /* TrafikIsaretleriCollectionViewCell.xib */,
			);
			path = TrafikIsaretleriCell;
			sourceTree = "<group>";
		};
/* End PBXGroup section */

/* Begin PBXNativeTarget section */
		17DC333D29ACDB6C00DD16EC /* SurucuEhliyeti */ = {
			isa = PBXNativeTarget;
			buildConfigurationList = 17DC335229ACDB6D00DD16EC /* Build configuration list for PBXNativeTarget "SurucuEhliyeti" */;
			buildPhases = (
				17DC333A29ACDB6C00DD16EC /* Sources */,
				17DC333B29ACDB6C00DD16EC /* Frameworks */,
				17DC333C29ACDB6C00DD16EC /* Resources */,
			);
			buildRules = (
			);
			dependencies = (
			);
			name = SurucuEhliyeti;
			packageProductDependencies = (
				17948FDC29E2FF56009EDA46 /* FirebaseAnalytics */,
				17948FDE29E2FF56009EDA46 /* FirebaseAuth */,
				17948FE029E2FF56009EDA46 /* FirebaseCrashlytics */,
				17948FE229E2FF56009EDA46 /* FirebaseDatabase */,
				17948FE429E2FF56009EDA46 /* FirebaseFirestore */,
				17948FE629E2FF56009EDA46 /* FirebaseStorage */,
			);
			productName = SurucuEhliyeti;
			productReference = 17DC333E29ACDB6C00DD16EC /* SurucuEhliyeti.app */;
			productType = "com.apple.product-type.application";
		};
/* End PBXNativeTarget section */

/* Begin PBXProject section */
		17DC333629ACDB6C00DD16EC /* Project object */ = {
			isa = PBXProject;
			attributes = {
				BuildIndependentTargetsInParallel = 1;
				LastSwiftUpdateCheck = 1400;
				LastUpgradeCheck = 1400;
				TargetAttributes = {
					17DC333D29ACDB6C00DD16EC = {
						CreatedOnToolsVersion = 14.0.1;
					};
				};
			};
			buildConfigurationList = 17DC333929ACDB6C00DD16EC /* Build configuration list for PBXProject "SurucuEhliyeti" */;
			compatibilityVersion = "Xcode 14.0";
			developmentRegion = en;
			hasScannedForEncodings = 0;
			knownRegions = (
				en,
				Base,
			);
			mainGroup = 17DC333529ACDB6C00DD16EC;
			packageReferences = (
				17948FDB29E2FF56009EDA46 /* XCRemoteSwiftPackageReference "firebase-ios-sdk" */,
			);
			productRefGroup = 17DC333F29ACDB6C00DD16EC /* Products */;
			projectDirPath = "";
			projectRoot = "";
			targets = (
				17DC333D29ACDB6C00DD16EC /* SurucuEhliyeti */,
			);
		};
/* End PBXProject section */

/* Begin PBXResourcesBuildPhase section */
		17DC333C29ACDB6C00DD16EC /* Resources */ = {
			isa = PBXResourcesBuildPhase;
			buildActionMask = 2147483647;
			files = (
				17984C2729E2EEA40030B5B3 /* PolisIsaretleriViewController.xib in Resources */,
				7AFA2D6A29F8066D00214550 /* TarafikIsaretleriViewController.xib in Resources */,
				17DC334E29ACDB6D00DD16EC /* LaunchScreen.storyboard in Resources */,
				177C2C6829F9517E0035E47D /* IcerikTableViewCell.xib in Resources */,
				1729252A29F6B4CA0051CA95 /* PopUp.xib in Resources */,
				1754BAF129E2CE0600766776 /* GoogleService-Info.plist in Resources */,
				1706D05B29E81335002DC0F2 /* ProfilViewController.xib in Resources */,
				1771036629EEE3F700DE6E02 /* PolisIsaretleriCollectionViewCell.xib in Resources */,
				7AFA2D6F29F8091900214550 /* TrafikIsaretleriCollectionViewCell.xib in Resources */,
				177C2C5F29F9241A0035E47D /* IlkYardimViewController.xib in Resources */,
				177C2C6429F951390035E47D /* IcerikTableViewVC.xib in Resources */,
				17DC636A29E4C72200877988 /* DersNotlariViewController.xib in Resources */,
				1718737229AE331100D6CABC /* AnaSayfaStroyBoard.storyboard in Resources */,
				17DC636F29E4DC0200877988 /* AnaSayfaViewController.xib in Resources */,
				17DC334B29ACDB6D00DD16EC /* Assets.xcassets in Resources */,
				17FF32FF29FA594F0050D855 /* IcerikDetayViewController.xib in Resources */,
				1796BE6D29EEB594009E45D7 /* AGPIViewController.xib in Resources */,
				1796BE7129EEB6C4009E45D7 /* AGPICollectionViewCell.xib in Resources */,
			);
			runOnlyForDeploymentPostprocessing = 0;
		};
/* End PBXResourcesBuildPhase section */

/* Begin PBXSourcesBuildPhase section */
		17DC333A29ACDB6C00DD16EC /* Sources */ = {
			isa = PBXSourcesBuildPhase;
			buildActionMask = 2147483647;
			files = (
				1706D05E29E81672002DC0F2 /* AracGostergePaneliVeri.swift in Sources */,
				177C2C5B29F922CE0035E47D /* BolumlerVeri.swift in Sources */,
				7AD1DD5929F96FE300EBBD19 /* BolumIcerikleriVeri.swift in Sources */,
				17984C2629E2EEA40030B5B3 /* PolisIsaretleriViewController.swift in Sources */,
				177C2C6329F951380035E47D /* IcerikTableViewVC.swift in Sources */,
				17DC334229ACDB6C00DD16EC /* AppDelegate.swift in Sources */,
				1720DA8929F6AC8F00FEB2B9 /* PopUp.swift in Sources */,
				1796BE6C29EEB594009E45D7 /* AGPIViewController.swift in Sources */,
				1771036529EEE3F700DE6E02 /* PolisIsaretleriCollectionViewCell.swift in Sources */,
				7AFA2D6929F8066D00214550 /* TarafikIsaretleriViewController.swift in Sources */,
				17DC636E29E4DC0200877988 /* AnaSayfaViewController.swift in Sources */,
				17DC335729ACDCA200DD16EC /* MainTabBarViewController.swift in Sources */,
				17CBD90C29AE1EE9006F2FBF /* TestViewController.swift in Sources */,
				1729252C29F6CD160051CA95 /* TrafikIsaretleriVeri.swift in Sources */,
				17E4A6CA29E8730800EE0991 /* PolisIsaretleriVeri.swift in Sources */,
				17FF32FE29FA594F0050D855 /* IcerikDetayViewController.swift in Sources */,
				177C2C6729F9517E0035E47D /* IcerikTableViewCell.swift in Sources */,
				1706D05A29E81335002DC0F2 /* ProfilViewController.swift in Sources */,
				7AFA2D6E29F8091900214550 /* TrafikIsaretleriCollectionViewCell.swift in Sources */,
				17CE466529E06058002369E8 /* MyViewController.swift in Sources */,
				17DC636929E4C72200877988 /* DersNotlariViewController.swift in Sources */,
				177C2C5E29F9241A0035E47D /* IlkYardimViewController.swift in Sources */,
				17DC334429ACDB6C00DD16EC /* SceneDelegate.swift in Sources */,
				1796BE7029EEB6C4009E45D7 /* AGPICollectionViewCell.swift in Sources */,
			);
			runOnlyForDeploymentPostprocessing = 0;
		};
/* End PBXSourcesBuildPhase section */

/* Begin PBXVariantGroup section */
		17DC334C29ACDB6D00DD16EC /* LaunchScreen.storyboard */ = {
			isa = PBXVariantGroup;
			children = (
				17DC334D29ACDB6D00DD16EC /* Base */,
			);
			name = LaunchScreen.storyboard;
			sourceTree = "<group>";
		};
/* End PBXVariantGroup section */

/* Begin XCBuildConfiguration section */
		17DC335029ACDB6D00DD16EC /* Debug */ = {
			isa = XCBuildConfiguration;
			buildSettings = {
				ALWAYS_SEARCH_USER_PATHS = NO;
				CLANG_ANALYZER_NONNULL = YES;
				CLANG_ANALYZER_NUMBER_OBJECT_CONVERSION = YES_AGGRESSIVE;
				CLANG_CXX_LANGUAGE_STANDARD = "gnu++20";
				CLANG_ENABLE_MODULES = YES;
				CLANG_ENABLE_OBJC_ARC = YES;
				CLANG_ENABLE_OBJC_WEAK = YES;
				CLANG_WARN_BLOCK_CAPTURE_AUTORELEASING = YES;
				CLANG_WARN_BOOL_CONVERSION = YES;
				CLANG_WARN_COMMA = YES;
				CLANG_WARN_CONSTANT_CONVERSION = YES;
				CLANG_WARN_DEPRECATED_OBJC_IMPLEMENTATIONS = YES;
				CLANG_WARN_DIRECT_OBJC_ISA_USAGE = YES_ERROR;
				CLANG_WARN_DOCUMENTATION_COMMENTS = YES;
				CLANG_WARN_EMPTY_BODY = YES;
				CLANG_WARN_ENUM_CONVERSION = YES;
				CLANG_WARN_INFINITE_RECURSION = YES;
				CLANG_WARN_INT_CONVERSION = YES;
				CLANG_WARN_NON_LITERAL_NULL_CONVERSION = YES;
				CLANG_WARN_OBJC_IMPLICIT_RETAIN_SELF = YES;
				CLANG_WARN_OBJC_LITERAL_CONVERSION = YES;
				CLANG_WARN_OBJC_ROOT_CLASS = YES_ERROR;
				CLANG_WARN_QUOTED_INCLUDE_IN_FRAMEWORK_HEADER = YES;
				CLANG_WARN_RANGE_LOOP_ANALYSIS = YES;
				CLANG_WARN_STRICT_PROTOTYPES = YES;
				CLANG_WARN_SUSPICIOUS_MOVE = YES;
				CLANG_WARN_UNGUARDED_AVAILABILITY = YES_AGGRESSIVE;
				CLANG_WARN_UNREACHABLE_CODE = YES;
				CLANG_WARN__DUPLICATE_METHOD_MATCH = YES;
				COPY_PHASE_STRIP = NO;
				DEBUG_INFORMATION_FORMAT = dwarf;
				ENABLE_STRICT_OBJC_MSGSEND = YES;
				ENABLE_TESTABILITY = YES;
				GCC_C_LANGUAGE_STANDARD = gnu11;
				GCC_DYNAMIC_NO_PIC = NO;
				GCC_NO_COMMON_BLOCKS = YES;
				GCC_OPTIMIZATION_LEVEL = 0;
				GCC_PREPROCESSOR_DEFINITIONS = (
					"DEBUG=1",
					"$(inherited)",
				);
				GCC_WARN_64_TO_32_BIT_CONVERSION = YES;
				GCC_WARN_ABOUT_RETURN_TYPE = YES_ERROR;
				GCC_WARN_UNDECLARED_SELECTOR = YES;
				GCC_WARN_UNINITIALIZED_AUTOS = YES_AGGRESSIVE;
				GCC_WARN_UNUSED_FUNCTION = YES;
				GCC_WARN_UNUSED_VARIABLE = YES;
				IPHONEOS_DEPLOYMENT_TARGET = 16.0;
				MTL_ENABLE_DEBUG_INFO = INCLUDE_SOURCE;
				MTL_FAST_MATH = YES;
				ONLY_ACTIVE_ARCH = YES;
				SDKROOT = iphoneos;
				SWIFT_ACTIVE_COMPILATION_CONDITIONS = DEBUG;
				SWIFT_OPTIMIZATION_LEVEL = "-Onone";
			};
			name = Debug;
		};
		17DC335129ACDB6D00DD16EC /* Release */ = {
			isa = XCBuildConfiguration;
			buildSettings = {
				ALWAYS_SEARCH_USER_PATHS = NO;
				CLANG_ANALYZER_NONNULL = YES;
				CLANG_ANALYZER_NUMBER_OBJECT_CONVERSION = YES_AGGRESSIVE;
				CLANG_CXX_LANGUAGE_STANDARD = "gnu++20";
				CLANG_ENABLE_MODULES = YES;
				CLANG_ENABLE_OBJC_ARC = YES;
				CLANG_ENABLE_OBJC_WEAK = YES;
				CLANG_WARN_BLOCK_CAPTURE_AUTORELEASING = YES;
				CLANG_WARN_BOOL_CONVERSION = YES;
				CLANG_WARN_COMMA = YES;
				CLANG_WARN_CONSTANT_CONVERSION = YES;
				CLANG_WARN_DEPRECATED_OBJC_IMPLEMENTATIONS = YES;
				CLANG_WARN_DIRECT_OBJC_ISA_USAGE = YES_ERROR;
				CLANG_WARN_DOCUMENTATION_COMMENTS = YES;
				CLANG_WARN_EMPTY_BODY = YES;
				CLANG_WARN_ENUM_CONVERSION = YES;
				CLANG_WARN_INFINITE_RECURSION = YES;
				CLANG_WARN_INT_CONVERSION = YES;
				CLANG_WARN_NON_LITERAL_NULL_CONVERSION = YES;
				CLANG_WARN_OBJC_IMPLICIT_RETAIN_SELF = YES;
				CLANG_WARN_OBJC_LITERAL_CONVERSION = YES;
				CLANG_WARN_OBJC_ROOT_CLASS = YES_ERROR;
				CLANG_WARN_QUOTED_INCLUDE_IN_FRAMEWORK_HEADER = YES;
				CLANG_WARN_RANGE_LOOP_ANALYSIS = YES;
				CLANG_WARN_STRICT_PROTOTYPES = YES;
				CLANG_WARN_SUSPICIOUS_MOVE = YES;
				CLANG_WARN_UNGUARDED_AVAILABILITY = YES_AGGRESSIVE;
				CLANG_WARN_UNREACHABLE_CODE = YES;
				CLANG_WARN__DUPLICATE_METHOD_MATCH = YES;
				COPY_PHASE_STRIP = NO;
				DEBUG_INFORMATION_FORMAT = "dwarf-with-dsym";
				ENABLE_NS_ASSERTIONS = NO;
				ENABLE_STRICT_OBJC_MSGSEND = YES;
				GCC_C_LANGUAGE_STANDARD = gnu11;
				GCC_NO_COMMON_BLOCKS = YES;
				GCC_WARN_64_TO_32_BIT_CONVERSION = YES;
				GCC_WARN_ABOUT_RETURN_TYPE = YES_ERROR;
				GCC_WARN_UNDECLARED_SELECTOR = YES;
				GCC_WARN_UNINITIALIZED_AUTOS = YES_AGGRESSIVE;
				GCC_WARN_UNUSED_FUNCTION = YES;
				GCC_WARN_UNUSED_VARIABLE = YES;
				IPHONEOS_DEPLOYMENT_TARGET = 16.0;
				MTL_ENABLE_DEBUG_INFO = NO;
				MTL_FAST_MATH = YES;
				SDKROOT = iphoneos;
				SWIFT_COMPILATION_MODE = wholemodule;
				SWIFT_OPTIMIZATION_LEVEL = "-O";
				VALIDATE_PRODUCT = YES;
			};
			name = Release;
		};
		17DC335329ACDB6D00DD16EC /* Debug */ = {
			isa = XCBuildConfiguration;
			buildSettings = {
				ASSETCATALOG_COMPILER_APPICON_NAME = AppIcon;
				ASSETCATALOG_COMPILER_GLOBAL_ACCENT_COLOR_NAME = AccentColor;
				CODE_SIGN_STYLE = Automatic;
				CURRENT_PROJECT_VERSION = 1;
				DEVELOPMENT_TEAM = UD84BLAXT6;
				GENERATE_INFOPLIST_FILE = YES;
				INFOPLIST_FILE = SurucuEhliyeti/Info.plist;
				INFOPLIST_KEY_UIApplicationSupportsIndirectInputEvents = YES;
				INFOPLIST_KEY_UILaunchStoryboardName = LaunchScreen;
				INFOPLIST_KEY_UISupportedInterfaceOrientations_iPad = "UIInterfaceOrientationPortrait UIInterfaceOrientationPortraitUpsideDown UIInterfaceOrientationLandscapeLeft UIInterfaceOrientationLandscapeRight";
				INFOPLIST_KEY_UISupportedInterfaceOrientations_iPhone = "UIInterfaceOrientationPortrait UIInterfaceOrientationLandscapeLeft UIInterfaceOrientationLandscapeRight";
				LD_RUNPATH_SEARCH_PATHS = (
					"$(inherited)",
					"@executable_path/Frameworks",
				);
				MARKETING_VERSION = 1.0;
				PRODUCT_BUNDLE_IDENTIFIER = com.kiliclimehmetali.SurucuEhliyeti;
				PRODUCT_NAME = "$(TARGET_NAME)";
				SWIFT_EMIT_LOC_STRINGS = YES;
				SWIFT_VERSION = 5.0;
				TARGETED_DEVICE_FAMILY = "1,2";
			};
			name = Debug;
		};
		17DC335429ACDB6D00DD16EC /* Release */ = {
			isa = XCBuildConfiguration;
			buildSettings = {
				ASSETCATALOG_COMPILER_APPICON_NAME = AppIcon;
				ASSETCATALOG_COMPILER_GLOBAL_ACCENT_COLOR_NAME = AccentColor;
				CODE_SIGN_STYLE = Automatic;
				CURRENT_PROJECT_VERSION = 1;
				DEVELOPMENT_TEAM = UD84BLAXT6;
				GENERATE_INFOPLIST_FILE = YES;
				INFOPLIST_FILE = SurucuEhliyeti/Info.plist;
				INFOPLIST_KEY_UIApplicationSupportsIndirectInputEvents = YES;
				INFOPLIST_KEY_UILaunchStoryboardName = LaunchScreen;
				INFOPLIST_KEY_UISupportedInterfaceOrientations_iPad = "UIInterfaceOrientationPortrait UIInterfaceOrientationPortraitUpsideDown UIInterfaceOrientationLandscapeLeft UIInterfaceOrientationLandscapeRight";
				INFOPLIST_KEY_UISupportedInterfaceOrientations_iPhone = "UIInterfaceOrientationPortrait UIInterfaceOrientationLandscapeLeft UIInterfaceOrientationLandscapeRight";
				LD_RUNPATH_SEARCH_PATHS = (
					"$(inherited)",
					"@executable_path/Frameworks",
				);
				MARKETING_VERSION = 1.0;
				PRODUCT_BUNDLE_IDENTIFIER = com.kiliclimehmetali.SurucuEhliyeti;
				PRODUCT_NAME = "$(TARGET_NAME)";
				SWIFT_EMIT_LOC_STRINGS = YES;
				SWIFT_VERSION = 5.0;
				TARGETED_DEVICE_FAMILY = "1,2";
			};
			name = Release;
		};
/* End XCBuildConfiguration section */

/* Begin XCConfigurationList section */
		17DC333929ACDB6C00DD16EC /* Build configuration list for PBXProject "SurucuEhliyeti" */ = {
			isa = XCConfigurationList;
			buildConfigurations = (
				17DC335029ACDB6D00DD16EC /* Debug */,
				17DC335129ACDB6D00DD16EC /* Release */,
			);
			defaultConfigurationIsVisible = 0;
			defaultConfigurationName = Release;
		};
		17DC335229ACDB6D00DD16EC /* Build configuration list for PBXNativeTarget "SurucuEhliyeti" */ = {
			isa = XCConfigurationList;
			buildConfigurations = (
				17DC335329ACDB6D00DD16EC /* Debug */,
				17DC335429ACDB6D00DD16EC /* Release */,
			);
			defaultConfigurationIsVisible = 0;
			defaultConfigurationName = Release;
		};
/* End XCConfigurationList section */

/* Begin XCRemoteSwiftPackageReference section */
		17948FDB29E2FF56009EDA46 /* XCRemoteSwiftPackageReference "firebase-ios-sdk" */ = {
			isa = XCRemoteSwiftPackageReference;
			repositoryURL = "https://github.com/firebase/firebase-ios-sdk";
			requirement = {
				kind = upToNextMajorVersion;
				minimumVersion = 9.0.0;
			};
		};
/* End XCRemoteSwiftPackageReference section */

/* Begin XCSwiftPackageProductDependency section */
		17948FDC29E2FF56009EDA46 /* FirebaseAnalytics */ = {
			isa = XCSwiftPackageProductDependency;
			package = 17948FDB29E2FF56009EDA46 /* XCRemoteSwiftPackageReference "firebase-ios-sdk" */;
			productName = FirebaseAnalytics;
		};
		17948FDE29E2FF56009EDA46 /* FirebaseAuth */ = {
			isa = XCSwiftPackageProductDependency;
			package = 17948FDB29E2FF56009EDA46 /* XCRemoteSwiftPackageReference "firebase-ios-sdk" */;
			productName = FirebaseAuth;
		};
		17948FE029E2FF56009EDA46 /* FirebaseCrashlytics */ = {
			isa = XCSwiftPackageProductDependency;
			package = 17948FDB29E2FF56009EDA46 /* XCRemoteSwiftPackageReference "firebase-ios-sdk" */;
			productName = FirebaseCrashlytics;
		};
		17948FE229E2FF56009EDA46 /* FirebaseDatabase */ = {
			isa = XCSwiftPackageProductDependency;
			package = 17948FDB29E2FF56009EDA46 /* XCRemoteSwiftPackageReference "firebase-ios-sdk" */;
			productName = FirebaseDatabase;
		};
		17948FE429E2FF56009EDA46 /* FirebaseFirestore */ = {
			isa = XCSwiftPackageProductDependency;
			package = 17948FDB29E2FF56009EDA46 /* XCRemoteSwiftPackageReference "firebase-ios-sdk" */;
			productName = FirebaseFirestore;
		};
		17948FE629E2FF56009EDA46 /* FirebaseStorage */ = {
			isa = XCSwiftPackageProductDependency;
			package = 17948FDB29E2FF56009EDA46 /* XCRemoteSwiftPackageReference "firebase-ios-sdk" */;
			productName = FirebaseStorage;
		};
/* End XCSwiftPackageProductDependency section */
	};
	rootObject = 17DC333629ACDB6C00DD16EC /* Project object */;
}
